{
  "name": "y",
  "version": "1.0.0",
  "lockfileVersion": 2,
  "requires": true,
  "packages": {
    "": {
      "name": "y",
      "version": "1.0.0",
      "license": "ISC",
      "dependencies": {
        "@types/node": "^20.5.0"
      },
      "devDependencies": {
        "@types/es6-promise": "^3.3.0",
        "prettier": "^3.0.1"
      }
    },
    "node_modules/@types/es6-promise": {
      "version": "3.3.0",
      "resolved": "https://registry.npmjs.org/@types/es6-promise/-/es6-promise-3.3.0.tgz",
      "integrity": "sha512-ixCIAEkLUKv9movnHKCzx2rzAJgEnSALDXPrOSSwOjWwXFs0ssSZKan+O2e3FExPPCbX+DfA9NcKsbvLuyUlNA==",
      "deprecated": "This is a stub types definition for es6-promise (https://github.com/jakearchibald/ES6-Promise). es6-promise provides its own type definitions, so you don't need @types/es6-promise installed!",
      "dev": true,
      "dependencies": {
        "es6-promise": "*"
      }
    },
    "node_modules/@types/node": {
      "version": "20.5.0",
      "resolved": "https://registry.npmjs.org/@types/node/-/node-20.5.0.tgz",
      "integrity": "sha512-Mgq7eCtoTjT89FqNoTzzXg2XvCi5VMhRV6+I2aYanc6kQCBImeNaAYRs/DyoVqk1YEUJK5gN9VO7HRIdz4Wo3Q=="
    },
    "node_modules/es6-promise": {
      "version": "4.2.8",
      "resolved": "https://registry.npmjs.org/es6-promise/-/es6-promise-4.2.8.tgz",
      "integrity": "sha512-HJDGx5daxeIvxdBxvG2cb9g4tEvwIk3i8+nhX0yGrYmZUzbkdg8QbDevheDB8gd0//uPj4c1EQua8Q+MViT0/w==",
      "dev": true
    },
    "node_modules/prettier": {
      "version": "3.0.1",
      "resolved": "https://registry.npmjs.org/prettier/-/prettier-3.0.1.tgz",
      "integrity": "sha512-fcOWSnnpCrovBsmFZIGIy9UqK2FaI7Hqax+DIO0A9UxeVoY4iweyaFjS5TavZN97Hfehph0nhsZnjlVKzEQSrQ==",
      "dev": true,
      "bin": {
        "prettier": "bin/prettier.cjs"
      },
      "engines": {
        "node": ">=14"
      },
      "funding": {
        "url": "https://github.com/prettier/prettier?sponsor=1"
      }
    }
  },
  "dependencies": {
    "@types/es6-promise": {
      "version": "3.3.0",
      "resolved": "https://registry.npmjs.org/@types/es6-promise/-/es6-promise-3.3.0.tgz",
      "integrity": "sha512-ixCIAEkLUKv9movnHKCzx2rzAJgEnSALDXPrOSSwOjWwXFs0ssSZKan+O2e3FExPPCbX+DfA9NcKsbvLuyUlNA==",
      "dev": true,
      "requires": {
        "es6-promise": "*"
      }
    },
    "@types/node": {
      "version": "20.5.0",
      "resolved": "https://registry.npmjs.org/@types/node/-/node-20.5.0.tgz",
      "integrity": "sha512-Mgq7eCtoTjT89FqNoTzzXg2XvCi5VMhRV6+I2aYanc6kQCBImeNaAYRs/DyoVqk1YEUJK5gN9VO7HRIdz4Wo3Q=="
    },
    "es6-promise": {
      "version": "4.2.8",
      "resolved": "https://registry.npmjs.org/es6-promise/-/es6-promise-4.2.8.tgz",
      "integrity": "sha512-HJDGx5daxeIvxdBxvG2cb9g4tEvwIk3i8+nhX0yGrYmZUzbkdg8QbDevheDB8gd0//uPj4c1EQua8Q+MViT0/w==",
      "dev": true
    },
    "prettier": {
      "version": "3.0.1",
      "resolved": "https://registry.npmjs.org/prettier/-/prettier-3.0.1.tgz",
      "integrity": "sha512-fcOWSnnpCrovBsmFZIGIy9UqK2FaI7Hqax+DIO0A9UxeVoY4iweyaFjS5TavZN97Hfehph0nhsZnjlVKzEQSrQ==",
      "dev": true
    }
  }
}
