
Microsoft Visual Studio Solution File, Format Version 12.00
# Visual Studio Version 17
VisualStudioVersion = 17.0.32014.148
MinimumVisualStudioVersion = 10.0.40219.1
Project("{FAE04EC0-301F-11D3-BF4B-00C04F79EFBC}") = "BethanysPieShopHRM", "BethanysPieShopHRM\BethanysPieShopHRM.csproj", "{4CF7FE77-954E-4823-A2FA-CB5E455AB57C}"
EndProject
Global
	GlobalSection(SolutionConfigurationPlatforms) = preSolution
		Debug|Any CPU = Debug|Any CPU
		Release|Any CPU = Release|Any CPU
	EndGlobalSection
	GlobalSection(ProjectConfigurationPlatforms) = postSolution
		{4CF7FE77-954E-4823-A2FA-CB5E455AB57C}.Debug|Any CPU.ActiveCfg = Debug|Any CPU
		{4CF7FE77-954E-4823-A2FA-CB5E455AB57C}.Debug|Any CPU.Build.0 = Debug|Any CPU
		{4CF7FE77-954E-4823-A2FA-CB5E455AB57C}.Release|Any CPU.ActiveCfg = Release|Any CPU
		{4CF7FE77-954E-4823-A2FA-CB5E455AB57C}.Release|Any CPU.Build.0 = Release|Any CPU
	EndGlobalSection
	GlobalSection(SolutionProperties) = preSolution
		HideSolutionNode = FALSE
	EndGlobalSection
	GlobalSection(ExtensibilityGlobals) = postSolution
		SolutionGuid = {00D9CE32-84DA-4F94-95E7-BAB782410DEF}
	EndGlobalSection
EndGlobal
