
Microsoft Visual Studio Solution File, Format Version 12.00
# Visual Studio Version 16
VisualStudioVersion = 16.0.30114.105
MinimumVisualStudioVersion = 10.0.40219.1
Project("{FAE04EC0-301F-11D3-BF4B-00C04F79EFBC}") = "Web", "Web\Web.csproj", "{A2A44627-5063-41B3-A345-0CC75F603D5D}"
EndProject
Project("{FAE04EC0-301F-11D3-BF4B-00C04F79EFBC}") = "Models", "Models\Models.csproj", "{B9972CF1-8993-4D5A-9ACA-31D5DAB20FCB}"
EndProject
Global
	GlobalSection(SolutionConfigurationPlatforms) = preSolution
		Debug|Any CPU = Debug|Any CPU
		Release|Any CPU = Release|Any CPU
	EndGlobalSection
	GlobalSection(SolutionProperties) = preSolution
		HideSolutionNode = FALSE
	EndGlobalSection
	GlobalSection(ProjectConfigurationPlatforms) = postSolution
		{A2A44627-5063-41B3-A345-0CC75F603D5D}.Debug|Any CPU.ActiveCfg = Debug|Any CPU
		{A2A44627-5063-41B3-A345-0CC75F603D5D}.Debug|Any CPU.Build.0 = Debug|Any CPU
		{A2A44627-5063-41B3-A345-0CC75F603D5D}.Release|Any CPU.ActiveCfg = Release|Any CPU
		{A2A44627-5063-41B3-A345-0CC75F603D5D}.Release|Any CPU.Build.0 = Release|Any CPU
		{B9972CF1-8993-4D5A-9ACA-31D5DAB20FCB}.Debug|Any CPU.ActiveCfg = Debug|Any CPU
		{B9972CF1-8993-4D5A-9ACA-31D5DAB20FCB}.Debug|Any CPU.Build.0 = Debug|Any CPU
		{B9972CF1-8993-4D5A-9ACA-31D5DAB20FCB}.Release|Any CPU.ActiveCfg = Release|Any CPU
		{B9972CF1-8993-4D5A-9ACA-31D5DAB20FCB}.Release|Any CPU.Build.0 = Release|Any CPU
	EndGlobalSection
EndGlobal
