
Microsoft Visual Studio Solution File, Format Version 12.00
# Visual Studio Version 17
VisualStudioVersion = 17.3.32611.2
MinimumVisualStudioVersion = 10.0.40219.1
Project("{2150E333-8FDC-42A3-9474-1A3956D46DE8}") = "before", "before", "{E439F6AF-5FF7-4E2D-8F25-763B891D9EB1}"
EndProject
Project("{9A19103F-16F7-4668-BE54-9A1E7A4F7556}") = "carvedrock.bl", "before\carvedrock.bl\carvedrock.bl.csproj", "{797FC10C-1E4A-47D9-B9AB-2D6D2A9C7AAE}"
EndProject
Project("{2150E333-8FDC-42A3-9474-1A3956D46DE8}") = "after", "after", "{5703B380-DBF0-4C3B-8EB6-9F0D96A936E5}"
EndProject
Project("{9A19103F-16F7-4668-BE54-9A1E7A4F7556}") = "carvedrock.bl", "after\carvedrock.bl\carvedrock.bl.csproj", "{5B301F4D-4F03-449F-A281-8C3FEDED43C1}"
EndProject
Global
	GlobalSection(SolutionConfigurationPlatforms) = preSolution
		Debug|Any CPU = Debug|Any CPU
		Release|Any CPU = Release|Any CPU
	EndGlobalSection
	GlobalSection(ProjectConfigurationPlatforms) = postSolution
		{797FC10C-1E4A-47D9-B9AB-2D6D2A9C7AAE}.Debug|Any CPU.ActiveCfg = Debug|Any CPU
		{797FC10C-1E4A-47D9-B9AB-2D6D2A9C7AAE}.Debug|Any CPU.Build.0 = Debug|Any CPU
		{797FC10C-1E4A-47D9-B9AB-2D6D2A9C7AAE}.Release|Any CPU.ActiveCfg = Release|Any CPU
		{797FC10C-1E4A-47D9-B9AB-2D6D2A9C7AAE}.Release|Any CPU.Build.0 = Release|Any CPU
		{5B301F4D-4F03-449F-A281-8C3FEDED43C1}.Debug|Any CPU.ActiveCfg = Debug|Any CPU
		{5B301F4D-4F03-449F-A281-8C3FEDED43C1}.Debug|Any CPU.Build.0 = Debug|Any CPU
		{5B301F4D-4F03-449F-A281-8C3FEDED43C1}.Release|Any CPU.ActiveCfg = Release|Any CPU
		{5B301F4D-4F03-449F-A281-8C3FEDED43C1}.Release|Any CPU.Build.0 = Release|Any CPU
	EndGlobalSection
	GlobalSection(SolutionProperties) = preSolution
		HideSolutionNode = FALSE
	EndGlobalSection
	GlobalSection(NestedProjects) = preSolution
		{797FC10C-1E4A-47D9-B9AB-2D6D2A9C7AAE} = {E439F6AF-5FF7-4E2D-8F25-763B891D9EB1}
		{5B301F4D-4F03-449F-A281-8C3FEDED43C1} = {5703B380-DBF0-4C3B-8EB6-9F0D96A936E5}
	EndGlobalSection
	GlobalSection(ExtensibilityGlobals) = postSolution
		SolutionGuid = {B83DCD26-60CD-4AF2-B936-27729AD48003}
	EndGlobalSection
EndGlobal
