
Microsoft Visual Studio Solution File, Format Version 12.00
# Visual Studio Version 17
VisualStudioVersion = 17.1.32319.34
MinimumVisualStudioVersion = 10.0.40219.1
Project("{9A19103F-16F7-4668-BE54-9A1E7A4F7556}") = "DataProcessing", "src\DataProcessing\DataProcessing.csproj", "{B10B215E-1BEF-4444-A5E8-9DEE08A1D93D}"
EndProject
Project("{9A19103F-16F7-4668-BE54-9A1E7A4F7556}") = "ThirdParty.Exporter", "src\ThirdParty.Exporter\ThirdParty.Exporter.csproj", "{1C0DBF31-F090-4DD1-945A-1C0362939740}"
EndProject
Project("{9A19103F-16F7-4668-BE54-9A1E7A4F7556}") = "DataProcessing.Benchmarks", "src\DataProcessing.Benchmarks\DataProcessing.Benchmarks.csproj", "{3330F9F7-B130-40A2-941A-7B5CEEFF5A55}"
EndProject
Project("{9A19103F-16F7-4668-BE54-9A1E7A4F7556}") = "DataProcessing.Tests", "test\DataProcessing.Tests\DataProcessing.Tests.csproj", "{DDFF72A5-BA9B-45DF-82F1-5B9C23BCD0DC}"
EndProject
Global
	GlobalSection(SolutionConfigurationPlatforms) = preSolution
		Debug|Any CPU = Debug|Any CPU
		Release|Any CPU = Release|Any CPU
	EndGlobalSection
	GlobalSection(ProjectConfigurationPlatforms) = postSolution
		{B10B215E-1BEF-4444-A5E8-9DEE08A1D93D}.Debug|Any CPU.ActiveCfg = Debug|Any CPU
		{B10B215E-1BEF-4444-A5E8-9DEE08A1D93D}.Debug|Any CPU.Build.0 = Debug|Any CPU
		{B10B215E-1BEF-4444-A5E8-9DEE08A1D93D}.Release|Any CPU.ActiveCfg = Release|Any CPU
		{B10B215E-1BEF-4444-A5E8-9DEE08A1D93D}.Release|Any CPU.Build.0 = Release|Any CPU
		{1C0DBF31-F090-4DD1-945A-1C0362939740}.Debug|Any CPU.ActiveCfg = Debug|Any CPU
		{1C0DBF31-F090-4DD1-945A-1C0362939740}.Debug|Any CPU.Build.0 = Debug|Any CPU
		{1C0DBF31-F090-4DD1-945A-1C0362939740}.Release|Any CPU.ActiveCfg = Release|Any CPU
		{1C0DBF31-F090-4DD1-945A-1C0362939740}.Release|Any CPU.Build.0 = Release|Any CPU
		{3330F9F7-B130-40A2-941A-7B5CEEFF5A55}.Debug|Any CPU.ActiveCfg = Debug|Any CPU
		{3330F9F7-B130-40A2-941A-7B5CEEFF5A55}.Debug|Any CPU.Build.0 = Debug|Any CPU
		{3330F9F7-B130-40A2-941A-7B5CEEFF5A55}.Release|Any CPU.ActiveCfg = Release|Any CPU
		{3330F9F7-B130-40A2-941A-7B5CEEFF5A55}.Release|Any CPU.Build.0 = Release|Any CPU
		{DDFF72A5-BA9B-45DF-82F1-5B9C23BCD0DC}.Debug|Any CPU.ActiveCfg = Debug|Any CPU
		{DDFF72A5-BA9B-45DF-82F1-5B9C23BCD0DC}.Debug|Any CPU.Build.0 = Debug|Any CPU
		{DDFF72A5-BA9B-45DF-82F1-5B9C23BCD0DC}.Release|Any CPU.ActiveCfg = Release|Any CPU
		{DDFF72A5-BA9B-45DF-82F1-5B9C23BCD0DC}.Release|Any CPU.Build.0 = Release|Any CPU
	EndGlobalSection
	GlobalSection(SolutionProperties) = preSolution
		HideSolutionNode = FALSE
	EndGlobalSection
	GlobalSection(ExtensibilityGlobals) = postSolution
		SolutionGuid = {F4997A95-56B2-42B5-B26B-B4E1B2916E9A}
	EndGlobalSection
EndGlobal
