
Microsoft Visual Studio Solution File, Format Version 12.00
# Visual Studio Version 17
VisualStudioVersion = 17.0.32126.317
MinimumVisualStudioVersion = 10.0.40219.1
Project("{9A19103F-16F7-4668-BE54-9A1E7A4F7556}") = "FolderTreeDemo", "FolderTreeDemo.csproj", "{2FBDD09D-FF64-4A34-A7E0-631A90010A2A}"
EndProject
Global
	GlobalSection(SolutionConfigurationPlatforms) = preSolution
		Debug|Any CPU = Debug|Any CPU
		Release|Any CPU = Release|Any CPU
	EndGlobalSection
	GlobalSection(ProjectConfigurationPlatforms) = postSolution
		{2FBDD09D-FF64-4A34-A7E0-631A90010A2A}.Debug|Any CPU.ActiveCfg = Debug|Any CPU
		{2FBDD09D-FF64-4A34-A7E0-631A90010A2A}.Debug|Any CPU.Build.0 = Debug|Any CPU
		{2FBDD09D-FF64-4A34-A7E0-631A90010A2A}.Release|Any CPU.ActiveCfg = Release|Any CPU
		{2FBDD09D-FF64-4A34-A7E0-631A90010A2A}.Release|Any CPU.Build.0 = Release|Any CPU
	EndGlobalSection
	GlobalSection(SolutionProperties) = preSolution
		HideSolutionNode = FALSE
	EndGlobalSection
	GlobalSection(ExtensibilityGlobals) = postSolution
		SolutionGuid = {01FB9BCE-2722-4652-A108-0FCCBE1B3C4D}
	EndGlobalSection
EndGlobal
