
Microsoft Visual Studio Solution File, Format Version 12.00
# Visual Studio Version 17
VisualStudioVersion = 17.2.32519.379
MinimumVisualStudioVersion = 10.0.40219.1
Project("{FAE04EC0-301F-11D3-BF4B-00C04F79EFBC}") = "ConsoleApp", "ConsoleApp\ConsoleApp.csproj", "{A3A2DDED-6B67-4B12-B60D-D5CD51CABF11}"
EndProject
Global
	GlobalSection(SolutionConfigurationPlatforms) = preSolution
		Debug|Any CPU = Debug|Any CPU
		Release|Any CPU = Release|Any CPU
	EndGlobalSection
	GlobalSection(ProjectConfigurationPlatforms) = postSolution
		{A3A2DDED-6B67-4B12-B60D-D5CD51CABF11}.Debug|Any CPU.ActiveCfg = Debug|Any CPU
		{A3A2DDED-6B67-4B12-B60D-D5CD51CABF11}.Debug|Any CPU.Build.0 = Debug|Any CPU
		{A3A2DDED-6B67-4B12-B60D-D5CD51CABF11}.Release|Any CPU.ActiveCfg = Release|Any CPU
		{A3A2DDED-6B67-4B12-B60D-D5CD51CABF11}.Release|Any CPU.Build.0 = Release|Any CPU
	EndGlobalSection
	GlobalSection(SolutionProperties) = preSolution
		HideSolutionNode = FALSE
	EndGlobalSection
	GlobalSection(ExtensibilityGlobals) = postSolution
		SolutionGuid = {E5705902-543C-4688-AC2E-51137602CA07}
	EndGlobalSection
EndGlobal
