
Microsoft Visual Studio Solution File, Format Version 12.00
# Visual Studio Version 17
VisualStudioVersion = 17.0.32126.317
MinimumVisualStudioVersion = 10.0.40219.1
Project("{FAE04EC0-301F-11D3-BF4B-00C04F79EFBC}") = "NullStrings", "NullStrings.csproj", "{9A38BFBC-4A96-4C33-92A6-6B340BBC468D}"
EndProject
Global
	GlobalSection(SolutionConfigurationPlatforms) = preSolution
		Debug|Any CPU = Debug|Any CPU
		Release|Any CPU = Release|Any CPU
	EndGlobalSection
	GlobalSection(ProjectConfigurationPlatforms) = postSolution
		{9A38BFBC-4A96-4C33-92A6-6B340BBC468D}.Debug|Any CPU.ActiveCfg = Debug|Any CPU
		{9A38BFBC-4A96-4C33-92A6-6B340BBC468D}.Debug|Any CPU.Build.0 = Debug|Any CPU
		{9A38BFBC-4A96-4C33-92A6-6B340BBC468D}.Release|Any CPU.ActiveCfg = Release|Any CPU
		{9A38BFBC-4A96-4C33-92A6-6B340BBC468D}.Release|Any CPU.Build.0 = Release|Any CPU
	EndGlobalSection
	GlobalSection(SolutionProperties) = preSolution
		HideSolutionNode = FALSE
	EndGlobalSection
	GlobalSection(ExtensibilityGlobals) = postSolution
		SolutionGuid = {63711C83-FDC4-41F2-8EEB-B0C763B1D98F}
	EndGlobalSection
EndGlobal
