
Microsoft Visual Studio Solution File, Format Version 12.00
# Visual Studio Version 17
VisualStudioVersion = 17.1.32421.90
MinimumVisualStudioVersion = 10.0.40219.1
Project("{9A19103F-16F7-4668-BE54-9A1E7A4F7556}") = "ConsoleCalculator", "ConsoleCalculator\ConsoleCalculator.csproj", "{36B9B7CD-4EAE-4B62-80CF-A5B2D990FBC6}"
EndProject
Project("{9A19103F-16F7-4668-BE54-9A1E7A4F7556}") = "Globomantics.Math", "Globomantics.Math\Globomantics.Math.csproj", "{0E2EE0A3-53EE-4182-9E56-A186695D4C7D}"
EndProject
Project("{9A19103F-16F7-4668-BE54-9A1E7A4F7556}") = "WpfCalculator", "WpfCalculator\WpfCalculator.csproj", "{6392781E-3669-43B9-BAA9-77939983D90C}"
EndProject
Project("{9A19103F-16F7-4668-BE54-9A1E7A4F7556}") = "Globomantics.Math.Tests", "Globomantics.Math.Tests\Globomantics.Math.Tests.csproj", "{7F1A8A44-A276-4E1A-8C3B-AFCF75DB438D}"
EndProject
Project("{2150E333-8FDC-42A3-9474-1A3956D46DE8}") = "Solution Items", "Solution Items", "{92481538-FED7-454F-9624-A6E109DAD31C}"
	ProjectSection(SolutionItems) = preProject
		Directory.Build.props = Directory.Build.props
	EndProjectSection
EndProject
Project("{FAE04EC0-301F-11D3-BF4B-00C04F79EFBC}") = "ConsoleCalculatorNet461", "ConsoleCalculatorNet461\ConsoleCalculatorNet461.csproj", "{51D01981-1A9F-490D-AF16-A989F20D6C17}"
EndProject
Project("{FAE04EC0-301F-11D3-BF4B-00C04F79EFBC}") = "ConsoleCalculatorNetCore31", "ConsoleCalculatorNetCore31\ConsoleCalculatorNetCore31.csproj", "{78A8851F-928B-48C2-AA3F-E64272E03B1A}"
EndProject
Global
	GlobalSection(SolutionConfigurationPlatforms) = preSolution
		Debug|Any CPU = Debug|Any CPU
		Release|Any CPU = Release|Any CPU
	EndGlobalSection
	GlobalSection(ProjectConfigurationPlatforms) = postSolution
		{36B9B7CD-4EAE-4B62-80CF-A5B2D990FBC6}.Debug|Any CPU.ActiveCfg = Debug|Any CPU
		{36B9B7CD-4EAE-4B62-80CF-A5B2D990FBC6}.Debug|Any CPU.Build.0 = Debug|Any CPU
		{36B9B7CD-4EAE-4B62-80CF-A5B2D990FBC6}.Release|Any CPU.ActiveCfg = Release|Any CPU
		{36B9B7CD-4EAE-4B62-80CF-A5B2D990FBC6}.Release|Any CPU.Build.0 = Release|Any CPU
		{0E2EE0A3-53EE-4182-9E56-A186695D4C7D}.Debug|Any CPU.ActiveCfg = Debug|Any CPU
		{0E2EE0A3-53EE-4182-9E56-A186695D4C7D}.Debug|Any CPU.Build.0 = Debug|Any CPU
		{0E2EE0A3-53EE-4182-9E56-A186695D4C7D}.Release|Any CPU.ActiveCfg = Release|Any CPU
		{0E2EE0A3-53EE-4182-9E56-A186695D4C7D}.Release|Any CPU.Build.0 = Release|Any CPU
		{6392781E-3669-43B9-BAA9-77939983D90C}.Debug|Any CPU.ActiveCfg = Debug|Any CPU
		{6392781E-3669-43B9-BAA9-77939983D90C}.Debug|Any CPU.Build.0 = Debug|Any CPU
		{6392781E-3669-43B9-BAA9-77939983D90C}.Release|Any CPU.ActiveCfg = Release|Any CPU
		{6392781E-3669-43B9-BAA9-77939983D90C}.Release|Any CPU.Build.0 = Release|Any CPU
		{7F1A8A44-A276-4E1A-8C3B-AFCF75DB438D}.Debug|Any CPU.ActiveCfg = Debug|Any CPU
		{7F1A8A44-A276-4E1A-8C3B-AFCF75DB438D}.Debug|Any CPU.Build.0 = Debug|Any CPU
		{7F1A8A44-A276-4E1A-8C3B-AFCF75DB438D}.Release|Any CPU.ActiveCfg = Release|Any CPU
		{7F1A8A44-A276-4E1A-8C3B-AFCF75DB438D}.Release|Any CPU.Build.0 = Release|Any CPU
		{51D01981-1A9F-490D-AF16-A989F20D6C17}.Debug|Any CPU.ActiveCfg = Debug|Any CPU
		{51D01981-1A9F-490D-AF16-A989F20D6C17}.Debug|Any CPU.Build.0 = Debug|Any CPU
		{51D01981-1A9F-490D-AF16-A989F20D6C17}.Release|Any CPU.ActiveCfg = Release|Any CPU
		{51D01981-1A9F-490D-AF16-A989F20D6C17}.Release|Any CPU.Build.0 = Release|Any CPU
		{78A8851F-928B-48C2-AA3F-E64272E03B1A}.Debug|Any CPU.ActiveCfg = Debug|Any CPU
		{78A8851F-928B-48C2-AA3F-E64272E03B1A}.Debug|Any CPU.Build.0 = Debug|Any CPU
		{78A8851F-928B-48C2-AA3F-E64272E03B1A}.Release|Any CPU.ActiveCfg = Release|Any CPU
		{78A8851F-928B-48C2-AA3F-E64272E03B1A}.Release|Any CPU.Build.0 = Release|Any CPU
	EndGlobalSection
	GlobalSection(SolutionProperties) = preSolution
		HideSolutionNode = FALSE
	EndGlobalSection
	GlobalSection(ExtensibilityGlobals) = postSolution
		SolutionGuid = {DD7024ED-8FE7-4E3C-8328-6D35FC4BFE44}
	EndGlobalSection
EndGlobal
